// !$*UTF8*$!
{
	archiveVersion = 1;
	classes = {
	};
	objectVersion = 50;
	objects = {

/* Begin PBXBuildFile section */
		6543FE5B2286177000543962 /* AppDelegate.swift in Sources */ = {isa = PBXBuildFile; fileRef = 6543FE5A2286177000543962 /* AppDelegate.swift */; };
		6543FE5D2286177000543962 /* StatsViewController.swift in Sources */ = {isa = PBXBuildFile; fileRef = 6543FE5C2286177000543962 /* StatsViewController.swift */; };
		6543FE602286177000543962 /* Main.storyboard in Resources */ = {isa = PBXBuildFile; fileRef = 6543FE5E2286177000543962 /* Main.storyboard */; };
		6543FE622286177100543962 /* Assets.xcassets in Resources */ = {isa = PBXBuildFile; fileRef = 6543FE612286177100543962 /* Assets.xcassets */; };
		6543FE652286177100543962 /* LaunchScreen.storyboard in Resources */ = {isa = PBXBuildFile; fileRef = 6543FE632286177100543962 /* LaunchScreen.storyboard */; };
		6543FE6E228617B900543962 /* HealthKit.framework in Frameworks */ = {isa = PBXBuildFile; fileRef = 6543FE6D228617B900543962 /* HealthKit.framework */; };
		6543FE972286F04500543962 /* PageViewController.swift in Sources */ = {isa = PBXBuildFile; fileRef = 6543FE962286F04500543962 /* PageViewController.swift */; };
/* End PBXBuildFile section */

/* Begin PBXFileReference section */
		6543FE572286177000543962 /* CycleStats.app */ = {isa = PBXFileReference; explicitFileType = wrapper.application; includeInIndex = 0; path = CycleStats.app; sourceTree = BUILT_PRODUCTS_DIR; };
		6543FE5A2286177000543962 /* AppDelegate.swift */ = {isa = PBXFileReference; lastKnownFileType = sourcecode.swift; path = AppDelegate.swift; sourceTree = "<group>"; };
		6543FE5C2286177000543962 /* StatsViewController.swift */ = {isa = PBXFileReference; lastKnownFileType = sourcecode.swift; path = StatsViewController.swift; sourceTree = "<group>"; };
		6543FE5F2286177000543962 /* Base */ = {isa = PBXFileReference; lastKnownFileType = file.storyboard; name = Base; path = Base.lproj/Main.storyboard; sourceTree = "<group>"; };
		6543FE612286177100543962 /* Assets.xcassets */ = {isa = PBXFileReference; lastKnownFileType = folder.assetcatalog; path = Assets.xcassets; sourceTree = "<group>"; };
		6543FE642286177100543962 /* Base */ = {isa = PBXFileReference; lastKnownFileType = file.storyboard; name = Base; path = Base.lproj/LaunchScreen.storyboard; sourceTree = "<group>"; };
		6543FE662286177100543962 /* Info.plist */ = {isa = PBXFileReference; lastKnownFileType = text.plist.xml; path = Info.plist; sourceTree = "<group>"; };
		6543FE6D228617B900543962 /* HealthKit.framework */ = {isa = PBXFileReference; lastKnownFileType = wrapper.framework; name = HealthKit.framework; path = System/Library/Frameworks/HealthKit.framework; sourceTree = SDKROOT; };
		6543FE6F228617B900543962 /* CycleStats.entitlements */ = {isa = PBXFileReference; lastKnownFileType = text.plist.entitlements; path = CycleStats.entitlements; sourceTree = "<group>"; };
		6543FE962286F04500543962 /* PageViewController.swift */ = {isa = PBXFileReference; lastKnownFileType = sourcecode.swift; path = PageViewController.swift; sourceTree = "<group>"; };
/* End PBXFileReference section */

/* Begin PBXFrameworksBuildPhase section */
		6543FE542286177000543962 /* Frameworks */ = {
			isa = PBXFrameworksBuildPhase;
			buildActionMask = 2147483647;
			files = (
				6543FE6E228617B900543962 /* HealthKit.framework in Frameworks */,
			);
			runOnlyForDeploymentPostprocessing = 0;
		};
/* End PBXFrameworksBuildPhase section */

/* Begin PBXGroup section */
		6543FE4E2286177000543962 = {
			isa = PBXGroup;
			children = (
				6543FE592286177000543962 /* CycleStats */,
				6543FE582286177000543962 /* Products */,
				6543FE6C228617B900543962 /* Frameworks */,
			);
			sourceTree = "<group>";
		};
		6543FE582286177000543962 /* Products */ = {
			isa = PBXGroup;
			children = (
				6543FE572286177000543962 /* CycleStats.app */,
			);
			name = Products;
			sourceTree = "<group>";
		};
		6543FE592286177000543962 /* CycleStats */ = {
			isa = PBXGroup;
			children = (
				6543FE6F228617B900543962 /* CycleStats.entitlements */,
				6543FE5A2286177000543962 /* AppDelegate.swift */,
				6543FE5C2286177000543962 /* StatsViewController.swift */,
				6543FE5E2286177000543962 /* Main.storyboard */,
				6543FE612286177100543962 /* Assets.xcassets */,
				6543FE632286177100543962 /* LaunchScreen.storyboard */,
				6543FE662286177100543962 /* Info.plist */,
				6543FE962286F04500543962 /* PageViewController.swift */,
			);
			path = CycleStats;
			sourceTree = "<group>";
		};
		6543FE6C228617B900543962 /* Frameworks */ = {
			isa = PBXGroup;
			children = (
				6543FE6D228617B900543962 /* HealthKit.framework */,
			);
			name = Frameworks;
			sourceTree = "<group>";
		};
/* End PBXGroup section */

/* Begin PBXNativeTarget section */
		6543FE562286177000543962 /* CycleStats */ = {
			isa = PBXNativeTarget;
			buildConfigurationList = 6543FE692286177100543962 /* Build configuration list for PBXNativeTarget "CycleStats" */;
			buildPhases = (
				6543FE532286177000543962 /* Sources */,
				6543FE542286177000543962 /* Frameworks */,
				6543FE552286177000543962 /* Resources */,
			);
			buildRules = (
			);
			dependencies = (
			);
			name = CycleStats;
			productName = CycleStats;
			productReference = 6543FE572286177000543962 /* CycleStats.app */;
			productType = "com.apple.product-type.application";
		};
/* End PBXNativeTarget section */

/* Begin PBXProject section */
		6543FE4F2286177000543962 /* Project object */ = {
			isa = PBXProject;
			attributes = {
				LastSwiftUpdateCheck = 1020;
				LastUpgradeCheck = 1020;
				ORGANIZATIONNAME = "Daniel Grießhaber";
				TargetAttributes = {
					6543FE562286177000543962 = {
						CreatedOnToolsVersion = 10.2.1;
						SystemCapabilities = {
							com.apple.HealthKit = {
								enabled = 1;
							};
						};
					};
				};
			};
			buildConfigurationList = 6543FE522286177000543962 /* Build configuration list for PBXProject "CycleStats" */;
			compatibilityVersion = "Xcode 9.3";
			developmentRegion = en;
			hasScannedForEncodings = 0;
			knownRegions = (
				en,
				Base,
			);
			mainGroup = 6543FE4E2286177000543962;
			productRefGroup = 6543FE582286177000543962 /* Products */;
			projectDirPath = "";
			projectRoot = "";
			targets = (
				6543FE562286177000543962 /* CycleStats */,
			);
		};
/* End PBXProject section */

/* Begin PBXResourcesBuildPhase section */
		6543FE552286177000543962 /* Resources */ = {
			isa = PBXResourcesBuildPhase;
			buildActionMask = 2147483647;
			files = (
				6543FE652286177100543962 /* LaunchScreen.storyboard in Resources */,
				6543FE622286177100543962 /* Assets.xcassets in Resources */,
				6543FE602286177000543962 /* Main.storyboard in Resources */,
			);
			runOnlyForDeploymentPostprocessing = 0;
		};
/* End PBXResourcesBuildPhase section */

/* Begin PBXSourcesBuildPhase section */
		6543FE532286177000543962 /* Sources */ = {
			isa = PBXSourcesBuildPhase;
			buildActionMask = 2147483647;
			files = (
				6543FE5D2286177000543962 /* StatsViewController.swift in Sources */,
				6543FE972286F04500543962 /* PageViewController.swift in Sources */,
				6543FE5B2286177000543962 /* AppDelegate.swift in Sources */,
			);
			runOnlyForDeploymentPostprocessing = 0;
		};
/* End PBXSourcesBuildPhase section */

/* Begin PBXVariantGroup section */
		6543FE5E2286177000543962 /* Main.storyboard */ = {
			isa = PBXVariantGroup;
			children = (
				6543FE5F2286177000543962 /* Base */,
			);
			name = Main.storyboard;
			sourceTree = "<group>";
		};
		6543FE632286177100543962 /* LaunchScreen.storyboard */ = {
			isa = PBXVariantGroup;
			children = (
				6543FE642286177100543962 /* Base */,
			);
			name = LaunchScreen.storyboard;
			sourceTree = "<group>";
		};
/* End PBXVariantGroup section */

/* Begin XCBuildConfiguration section */
		6543FE672286177100543962 /* Debug */ = {
			isa = XCBuildConfiguration;
			buildSettings = {
				ALWAYS_SEARCH_USER_PATHS = NO;
				CLANG_ANALYZER_NONNULL = YES;
				CLANG_ANALYZER_NUMBER_OBJECT_CONVERSION = YES_AGGRESSIVE;
				CLANG_CXX_LANGUAGE_STANDARD = "gnu++14";
				CLANG_CXX_LIBRARY = "libc++";
				CLANG_ENABLE_MODULES = YES;
				CLANG_ENABLE_OBJC_ARC = YES;
				CLANG_ENABLE_OBJC_WEAK = YES;
				CLANG_WARN_BLOCK_CAPTURE_AUTORELEASING = YES;
				CLANG_WARN_BOOL_CONVERSION = YES;
				CLANG_WARN_COMMA = YES;
				CLANG_WARN_CONSTANT_CONVERSION = YES;
				CLANG_WARN_DEPRECATED_OBJC_IMPLEMENTATIONS = YES;
				CLANG_WARN_DIRECT_OBJC_ISA_USAGE = YES_ERROR;
				CLANG_WARN_DOCUMENTATION_COMMENTS = YES;
				CLANG_WARN_EMPTY_BODY = YES;
				CLANG_WARN_ENUM_CONVERSION = YES;
				CLANG_WARN_INFINITE_RECURSION = YES;
				CLANG_WARN_INT_CONVERSION = YES;
				CLANG_WARN_NON_LITERAL_NULL_CONVERSION = YES;
				CLANG_WARN_OBJC_IMPLICIT_RETAIN_SELF = YES;
				CLANG_WARN_OBJC_LITERAL_CONVERSION = YES;
				CLANG_WARN_OBJC_ROOT_CLASS = YES_ERROR;
				CLANG_WARN_RANGE_LOOP_ANALYSIS = YES;
				CLANG_WARN_STRICT_PROTOTYPES = YES;
				CLANG_WARN_SUSPICIOUS_MOVE = YES;
				CLANG_WARN_UNGUARDED_AVAILABILITY = YES_AGGRESSIVE;
				CLANG_WARN_UNREACHABLE_CODE = YES;
				CLANG_WARN__DUPLICATE_METHOD_MATCH = YES;
				CODE_SIGN_IDENTITY = "iPhone Developer";
				COPY_PHASE_STRIP = NO;
				DEBUG_INFORMATION_FORMAT = dwarf;
				ENABLE_STRICT_OBJC_MSGSEND = YES;
				ENABLE_TESTABILITY = YES;
				GCC_C_LANGUAGE_STANDARD = gnu11;
				GCC_DYNAMIC_NO_PIC = NO;
				GCC_NO_COMMON_BLOCKS = YES;
				GCC_OPTIMIZATION_LEVEL = 0;
				GCC_PREPROCESSOR_DEFINITIONS = (
					"DEBUG=1",
					"$(inherited)",
				);
				GCC_WARN_64_TO_32_BIT_CONVERSION = YES;
				GCC_WARN_ABOUT_RETURN_TYPE = YES_ERROR;
				GCC_WARN_UNDECLARED_SELECTOR = YES;
				GCC_WARN_UNINITIALIZED_AUTOS = YES_AGGRESSIVE;
				GCC_WARN_UNUSED_FUNCTION = YES;
				GCC_WARN_UNUSED_VARIABLE = YES;
				IPHONEOS_DEPLOYMENT_TARGET = 12.2;
				MTL_ENABLE_DEBUG_INFO = INCLUDE_SOURCE;
				MTL_FAST_MATH = YES;
				ONLY_ACTIVE_ARCH = YES;
				SDKROOT = iphoneos;
				SWIFT_ACTIVE_COMPILATION_CONDITIONS = DEBUG;
				SWIFT_OPTIMIZATION_LEVEL = "-Onone";
			};
			name = Debug;
		};
		6543FE682286177100543962 /* Release */ = {
			isa = XCBuildConfiguration;
			buildSettings = {
				ALWAYS_SEARCH_USER_PATHS = NO;
				CLANG_ANALYZER_NONNULL = YES;
				CLANG_ANALYZER_NUMBER_OBJECT_CONVERSION = YES_AGGRESSIVE;
				CLANG_CXX_LANGUAGE_STANDARD = "gnu++14";
				CLANG_CXX_LIBRARY = "libc++";
				CLANG_ENABLE_MODULES = YES;
				CLANG_ENABLE_OBJC_ARC = YES;
				CLANG_ENABLE_OBJC_WEAK = YES;
				CLANG_WARN_BLOCK_CAPTURE_AUTORELEASING = YES;
				CLANG_WARN_BOOL_CONVERSION = YES;
				CLANG_WARN_COMMA = YES;
				CLANG_WARN_CONSTANT_CONVERSION = YES;
				CLANG_WARN_DEPRECATED_OBJC_IMPLEMENTATIONS = YES;
				CLANG_WARN_DIRECT_OBJC_ISA_USAGE = YES_ERROR;
				CLANG_WARN_DOCUMENTATION_COMMENTS = YES;
				CLANG_WARN_EMPTY_BODY = YES;
				CLANG_WARN_ENUM_CONVERSION = YES;
				CLANG_WARN_INFINITE_RECURSION = YES;
				CLANG_WARN_INT_CONVERSION = YES;
				CLANG_WARN_NON_LITERAL_NULL_CONVERSION = YES;
				CLANG_WARN_OBJC_IMPLICIT_RETAIN_SELF = YES;
				CLANG_WARN_OBJC_LITERAL_CONVERSION = YES;
				CLANG_WARN_OBJC_ROOT_CLASS = YES_ERROR;
				CLANG_WARN_RANGE_LOOP_ANALYSIS = YES;
				CLANG_WARN_STRICT_PROTOTYPES = YES;
				CLANG_WARN_SUSPICIOUS_MOVE = YES;
				CLANG_WARN_UNGUARDED_AVAILABILITY = YES_AGGRESSIVE;
				CLANG_WARN_UNREACHABLE_CODE = YES;
				CLANG_WARN__DUPLICATE_METHOD_MATCH = YES;
				CODE_SIGN_IDENTITY = "iPhone Developer";
				COPY_PHASE_STRIP = NO;
				DEBUG_INFORMATION_FORMAT = "dwarf-with-dsym";
				ENABLE_NS_ASSERTIONS = NO;
				ENABLE_STRICT_OBJC_MSGSEND = YES;
				GCC_C_LANGUAGE_STANDARD = gnu11;
				GCC_NO_COMMON_BLOCKS = YES;
				GCC_WARN_64_TO_32_BIT_CONVERSION = YES;
				GCC_WARN_ABOUT_RETURN_TYPE = YES_ERROR;
				GCC_WARN_UNDECLARED_SELECTOR = YES;
				GCC_WARN_UNINITIALIZED_AUTOS = YES_AGGRESSIVE;
				GCC_WARN_UNUSED_FUNCTION = YES;
				GCC_WARN_UNUSED_VARIABLE = YES;
				IPHONEOS_DEPLOYMENT_TARGET = 12.2;
				MTL_ENABLE_DEBUG_INFO = NO;
				MTL_FAST_MATH = YES;
				SDKROOT = iphoneos;
				SWIFT_COMPILATION_MODE = wholemodule;
				SWIFT_OPTIMIZATION_LEVEL = "-O";
				VALIDATE_PRODUCT = YES;
			};
			name = Release;
		};
		6543FE6A2286177100543962 /* Debug */ = {
			isa = XCBuildConfiguration;
			buildSettings = {
				ASSETCATALOG_COMPILER_APPICON_NAME = AppIcon;
				CODE_SIGN_ENTITLEMENTS = CycleStats/CycleStats.entitlements;
				CODE_SIGN_STYLE = Automatic;
				DEVELOPMENT_TEAM = FKCC8V8H4X;
				INFOPLIST_FILE = CycleStats/Info.plist;
				LD_RUNPATH_SEARCH_PATHS = (
					"$(inherited)",
					"@executable_path/Frameworks",
				);
				PRODUCT_BUNDLE_IDENTIFIER = de.danielgriesshaber.CycleStats;
				PRODUCT_NAME = "$(TARGET_NAME)";
				SWIFT_VERSION = 5.0;
				TARGETED_DEVICE_FAMILY = 1;
			};
			name = Debug;
		};
		6543FE6B2286177100543962 /* Release */ = {
			isa = XCBuildConfiguration;
			buildSettings = {
				ASSETCATALOG_COMPILER_APPICON_NAME = AppIcon;
				CODE_SIGN_ENTITLEMENTS = CycleStats/CycleStats.entitlements;
				CODE_SIGN_STYLE = Automatic;
				DEVELOPMENT_TEAM = FKCC8V8H4X;
				INFOPLIST_FILE = CycleStats/Info.plist;
				LD_RUNPATH_SEARCH_PATHS = (
					"$(inherited)",
					"@executable_path/Frameworks",
				);
				PRODUCT_BUNDLE_IDENTIFIER = de.danielgriesshaber.CycleStats;
				PRODUCT_NAME = "$(TARGET_NAME)";
				SWIFT_VERSION = 5.0;
				TARGETED_DEVICE_FAMILY = 1;
			};
			name = Release;
		};
/* End XCBuildConfiguration section */

/* Begin XCConfigurationList section */
		6543FE522286177000543962 /* Build configuration list for PBXProject "CycleStats" */ = {
			isa = XCConfigurationList;
			buildConfigurations = (
				6543FE672286177100543962 /* Debug */,
				6543FE682286177100543962 /* Release */,
			);
			defaultConfigurationIsVisible = 0;
			defaultConfigurationName = Release;
		};
		6543FE692286177100543962 /* Build configuration list for PBXNativeTarget "CycleStats" */ = {
			isa = XCConfigurationList;
			buildConfigurations = (
				6543FE6A2286177100543962 /* Debug */,
				6543FE6B2286177100543962 /* Release */,
			);
			defaultConfigurationIsVisible = 0;
			defaultConfigurationName = Release;
		};
/* End XCConfigurationList section */
	};
	rootObject = 6543FE4F2286177000543962 /* Project object */;
}
